// !$*UTF8*$!
{
	archiveVersion = 1;
	classes = {
	};
	objectVersion = 46;
	objects = {

/* Begin PBXBuildFile section */
		D0BB9A93178BF41700E22CC9 /* UIKit.framework in Frameworks */ = {isa = PBXBuildFile; fileRef = D0BB9A92178BF41700E22CC9 /* UIKit.framework */; };
		D0BB9A95178BF41700E22CC9 /* Foundation.framework in Frameworks */ = {isa = PBXBuildFile; fileRef = D0BB9A94178BF41700E22CC9 /* Foundation.framework */; };
		D0BB9A97178BF41700E22CC9 /* CoreGraphics.framework in Frameworks */ = {isa = PBXBuildFile; fileRef = D0BB9A96178BF41700E22CC9 /* CoreGraphics.framework */; };
		D0BB9A9D178BF41700E22CC9 /* InfoPlist.strings in Resources */ = {isa = PBXBuildFile; fileRef = D0BB9A9B178BF41700E22CC9 /* InfoPlist.strings */; };
		D0BB9A9F178BF41700E22CC9 /* main.m in Sources */ = {isa = PBXBuildFile; fileRef = D0BB9A9E178BF41700E22CC9 /* main.m */; };
		D0BB9AA3178BF41700E22CC9 /* ISSAppDelegate.m in Sources */ = {isa = PBXBuildFile; fileRef = D0BB9AA2178BF41700E22CC9 /* ISSAppDelegate.m */; };
		D0BB9AA5178BF41700E22CC9 /* Default.png in Resources */ = {isa = PBXBuildFile; fileRef = D0BB9AA4178BF41700E22CC9 /* Default.png */; };
		D0BB9AA7178BF41700E22CC9 /* Default@2x.png in Resources */ = {isa = PBXBuildFile; fileRef = D0BB9AA6178BF41700E22CC9 /* Default@2x.png */; };
		D0BB9AA9178BF41700E22CC9 /* Default-568h@2x.png in Resources */ = {isa = PBXBuildFile; fileRef = D0BB9AA8178BF41700E22CC9 /* Default-568h@2x.png */; };
		D0BB9AAC178BF41700E22CC9 /* ISSViewController.m in Sources */ = {isa = PBXBuildFile; fileRef = D0BB9AAB178BF41700E22CC9 /* ISSViewController.m */; };
		D0BB9AAF178BF41700E22CC9 /* ISSViewController_iPhone.xib in Resources */ = {isa = PBXBuildFile; fileRef = D0BB9AAD178BF41700E22CC9 /* ISSViewController_iPhone.xib */; };
		D0BB9AB2178BF41700E22CC9 /* ISSViewController_iPad.xib in Resources */ = {isa = PBXBuildFile; fileRef = D0BB9AB0178BF41700E22CC9 /* ISSViewController_iPad.xib */; };
/* End PBXBuildFile section */

/* Begin PBXFileReference section */
		D0BB9A8F178BF41700E22CC9 /* itnuesFile.app */ = {isa = PBXFileReference; explicitFileType = wrapper.application; includeInIndex = 0; path = itnuesFile.app; sourceTree = BUILT_PRODUCTS_DIR; };
		D0BB9A92178BF41700E22CC9 /* UIKit.framework */ = {isa = PBXFileReference; lastKnownFileType = wrapper.framework; name = UIKit.framework; path = System/Library/Frameworks/UIKit.framework; sourceTree = SDKROOT; };
		D0BB9A94178BF41700E22CC9 /* Foundation.framework */ = {isa = PBXFileReference; lastKnownFileType = wrapper.framework; name = Foundation.framework; path = System/Library/Frameworks/Foundation.framework; sourceTree = SDKROOT; };
		D0BB9A96178BF41700E22CC9 /* CoreGraphics.framework */ = {isa = PBXFileReference; lastKnownFileType = wrapper.framework; name = CoreGraphics.framework; path = System/Library/Frameworks/CoreGraphics.framework; sourceTree = SDKROOT; };
		D0BB9A9A178BF41700E22CC9 /* itnuesFile-Info.plist */ = {isa = PBXFileReference; lastKnownFileType = text.plist.xml; path = "itnuesFile-Info.plist"; sourceTree = "<group>"; };
		D0BB9A9C178BF41700E22CC9 /* en */ = {isa = PBXFileReference; lastKnownFileType = text.plist.strings; name = en; path = en.lproj/InfoPlist.strings; sourceTree = "<group>"; };
		D0BB9A9E178BF41700E22CC9 /* main.m */ = {isa = PBXFileReference; lastKnownFileType = sourcecode.c.objc; path = main.m; sourceTree = "<group>"; };
		D0BB9AA0178BF41700E22CC9 /* itnuesFile-Prefix.pch */ = {isa = PBXFileReference; lastKnownFileType = sourcecode.c.h; path = "itnuesFile-Prefix.pch"; sourceTree = "<group>"; };
		D0BB9AA1178BF41700E22CC9 /* ISSAppDelegate.h */ = {isa = PBXFileReference; lastKnownFileType = sourcecode.c.h; path = ISSAppDelegate.h; sourceTree = "<group>"; };
		D0BB9AA2178BF41700E22CC9 /* ISSAppDelegate.m */ = {isa = PBXFileReference; lastKnownFileType = sourcecode.c.objc; path = ISSAppDelegate.m; sourceTree = "<group>"; };
		D0BB9AA4178BF41700E22CC9 /* Default.png */ = {isa = PBXFileReference; lastKnownFileType = image.png; path = Default.png; sourceTree = "<group>"; };
		D0BB9AA6178BF41700E22CC9 /* Default@2x.png */ = {isa = PBXFileReference; lastKnownFileType = image.png; path = "Default@2x.png"; sourceTree = "<group>"; };
		D0BB9AA8178BF41700E22CC9 /* Default-568h@2x.png */ = {isa = PBXFileReference; lastKnownFileType = image.png; path = "Default-568h@2x.png"; sourceTree = "<group>"; };
		D0BB9AAA178BF41700E22CC9 /* ISSViewController.h */ = {isa = PBXFileReference; lastKnownFileType = sourcecode.c.h; path = ISSViewController.h; sourceTree = "<group>"; };
		D0BB9AAB178BF41700E22CC9 /* ISSViewController.m */ = {isa = PBXFileReference; lastKnownFileType = sourcecode.c.objc; path = ISSViewController.m; sourceTree = "<group>"; };
		D0BB9AAE178BF41700E22CC9 /* en */ = {isa = PBXFileReference; lastKnownFileType = file.xib; name = en; path = en.lproj/ISSViewController_iPhone.xib; sourceTree = "<group>"; };
		D0BB9AB1178BF41700E22CC9 /* en */ = {isa = PBXFileReference; lastKnownFileType = file.xib; name = en; path = en.lproj/ISSViewController_iPad.xib; sourceTree = "<group>"; };
/* End PBXFileReference section */

/* Begin PBXFrameworksBuildPhase section */
		D0BB9A8C178BF41700E22CC9 /* Frameworks */ = {
			isa = PBXFrameworksBuildPhase;
			buildActionMask = 2147483647;
			files = (
				D0BB9A93178BF41700E22CC9 /* UIKit.framework in Frameworks */,
				D0BB9A95178BF41700E22CC9 /* Foundation.framework in Frameworks */,
				D0BB9A97178BF41700E22CC9 /* CoreGraphics.framework in Frameworks */,
			);
			runOnlyForDeploymentPostprocessing = 0;
		};
/* End PBXFrameworksBuildPhase section */

/* Begin PBXGroup section */
		D0BB9A86178BF41700E22CC9 = {
			isa = PBXGroup;
			children = (
				D0BB9A98178BF41700E22CC9 /* itnuesFile */,
				D0BB9A91178BF41700E22CC9 /* Frameworks */,
				D0BB9A90178BF41700E22CC9 /* Products */,
			);
			sourceTree = "<group>";
		};
		D0BB9A90178BF41700E22CC9 /* Products */ = {
			isa = PBXGroup;
			children = (
				D0BB9A8F178BF41700E22CC9 /* itnuesFile.app */,
			);
			name = Products;
			sourceTree = "<group>";
		};
		D0BB9A91178BF41700E22CC9 /* Frameworks */ = {
			isa = PBXGroup;
			children = (
				D0BB9A92178BF41700E22CC9 /* UIKit.framework */,
				D0BB9A94178BF41700E22CC9 /* Foundation.framework */,
				D0BB9A96178BF41700E22CC9 /* CoreGraphics.framework */,
			);
			name = Frameworks;
			sourceTree = "<group>";
		};
		D0BB9A98178BF41700E22CC9 /* itnuesFile */ = {
			isa = PBXGroup;
			children = (
				D0BB9AA1178BF41700E22CC9 /* ISSAppDelegate.h */,
				D0BB9AA2178BF41700E22CC9 /* ISSAppDelegate.m */,
				D0BB9AAA178BF41700E22CC9 /* ISSViewController.h */,
				D0BB9AAB178BF41700E22CC9 /* ISSViewController.m */,
				D0BB9AAD178BF41700E22CC9 /* ISSViewController_iPhone.xib */,
				D0BB9AB0178BF41700E22CC9 /* ISSViewController_iPad.xib */,
				D0BB9A99178BF41700E22CC9 /* Supporting Files */,
			);
			path = itnuesFile;
			sourceTree = "<group>";
		};
		D0BB9A99178BF41700E22CC9 /* Supporting Files */ = {
			isa = PBXGroup;
			children = (
				D0BB9A9A178BF41700E22CC9 /* itnuesFile-Info.plist */,
				D0BB9A9B178BF41700E22CC9 /* InfoPlist.strings */,
				D0BB9A9E178BF41700E22CC9 /* main.m */,
				D0BB9AA0178BF41700E22CC9 /* itnuesFile-Prefix.pch */,
				D0BB9AA4178BF41700E22CC9 /* Default.png */,
				D0BB9AA6178BF41700E22CC9 /* Default@2x.png */,
				D0BB9AA8178BF41700E22CC9 /* Default-568h@2x.png */,
			);
			name = "Supporting Files";
			sourceTree = "<group>";
		};
/* End PBXGroup section */

/* Begin PBXNativeTarget section */
		D0BB9A8E178BF41700E22CC9 /* itnuesFile */ = {
			isa = PBXNativeTarget;
			buildConfigurationList = D0BB9AB5178BF41700E22CC9 /* Build configuration list for PBXNativeTarget "itnuesFile" */;
			buildPhases = (
				D0BB9A8B178BF41700E22CC9 /* Sources */,
				D0BB9A8C178BF41700E22CC9 /* Frameworks */,
				D0BB9A8D178BF41700E22CC9 /* Resources */,
			);
			buildRules = (
			);
			dependencies = (
			);
			name = itnuesFile;
			productName = itnuesFile;
			productReference = D0BB9A8F178BF41700E22CC9 /* itnuesFile.app */;
			productType = "com.apple.product-type.application";
		};
/* End PBXNativeTarget section */

/* Begin PBXProject section */
		D0BB9A87178BF41700E22CC9 /* Project object */ = {
			isa = PBXProject;
			attributes = {
				CLASSPREFIX = ISS;
				LastUpgradeCheck = 0460;
				ORGANIZATIONNAME = com.isoftstone;
			};
			buildConfigurationList = D0BB9A8A178BF41700E22CC9 /* Build configuration list for PBXProject "itnuesFile" */;
			compatibilityVersion = "Xcode 3.2";
			developmentRegion = English;
			hasScannedForEncodings = 0;
			knownRegions = (
				en,
			);
			mainGroup = D0BB9A86178BF41700E22CC9;
			productRefGroup = D0BB9A90178BF41700E22CC9 /* Products */;
			projectDirPath = "";
			projectRoot = "";
			targets = (
				D0BB9A8E178BF41700E22CC9 /* itnuesFile */,
			);
		};
/* End PBXProject section */

/* Begin PBXResourcesBuildPhase section */
		D0BB9A8D178BF41700E22CC9 /* Resources */ = {
			isa = PBXResourcesBuildPhase;
			buildActionMask = 2147483647;
			files = (
				D0BB9A9D178BF41700E22CC9 /* InfoPlist.strings in Resources */,
				D0BB9AA5178BF41700E22CC9 /* Default.png in Resources */,
				D0BB9AA7178BF41700E22CC9 /* Default@2x.png in Resources */,
				D0BB9AA9178BF41700E22CC9 /* Default-568h@2x.png in Resources */,
				D0BB9AAF178BF41700E22CC9 /* ISSViewController_iPhone.xib in Resources */,
				D0BB9AB2178BF41700E22CC9 /* ISSViewController_iPad.xib in Resources */,
			);
			runOnlyForDeploymentPostprocessing = 0;
		};
/* End PBXResourcesBuildPhase section */

/* Begin PBXSourcesBuildPhase section */
		D0BB9A8B178BF41700E22CC9 /* Sources */ = {
			isa = PBXSourcesBuildPhase;
			buildActionMask = 2147483647;
			files = (
				D0BB9A9F178BF41700E22CC9 /* main.m in Sources */,
				D0BB9AA3178BF41700E22CC9 /* ISSAppDelegate.m in Sources */,
				D0BB9AAC178BF41700E22CC9 /* ISSViewController.m in Sources */,
			);
			runOnlyForDeploymentPostprocessing = 0;
		};
/* End PBXSourcesBuildPhase section */

/* Begin PBXVariantGroup section */
		D0BB9A9B178BF41700E22CC9 /* InfoPlist.strings */ = {
			isa = PBXVariantGroup;
			children = (
				D0BB9A9C178BF41700E22CC9 /* en */,
			);
			name = InfoPlist.strings;
			sourceTree = "<group>";
		};
		D0BB9AAD178BF41700E22CC9 /* ISSViewController_iPhone.xib */ = {
			isa = PBXVariantGroup;
			children = (
				D0BB9AAE178BF41700E22CC9 /* en */,
			);
			name = ISSViewController_iPhone.xib;
			sourceTree = "<group>";
		};
		D0BB9AB0178BF41700E22CC9 /* ISSViewController_iPad.xib */ = {
			isa = PBXVariantGroup;
			children = (
				D0BB9AB1178BF41700E22CC9 /* en */,
			);
			name = ISSViewController_iPad.xib;
			sourceTree = "<group>";
		};
/* End PBXVariantGroup section */

/* Begin XCBuildConfiguration section */
		D0BB9AB3178BF41700E22CC9 /* Debug */ = {
			isa = XCBuildConfiguration;
			buildSettings = {
				ALWAYS_SEARCH_USER_PATHS = NO;
				CLANG_CXX_LANGUAGE_STANDARD = "gnu++0x";
				CLANG_CXX_LIBRARY = "libc++";
				CLANG_WARN_CONSTANT_CONVERSION = YES;
				CLANG_WARN_EMPTY_BODY = YES;
				CLANG_WARN_ENUM_CONVERSION = YES;
				CLANG_WARN_INT_CONVERSION = YES;
				CLANG_WARN__DUPLICATE_METHOD_MATCH = YES;
				"CODE_SIGN_IDENTITY[sdk=iphoneos*]" = "iPhone Developer";
				COPY_PHASE_STRIP = NO;
				GCC_C_LANGUAGE_STANDARD = gnu99;
				GCC_DYNAMIC_NO_PIC = NO;
				GCC_OPTIMIZATION_LEVEL = 0;
				GCC_PREPROCESSOR_DEFINITIONS = (
					"DEBUG=1",
					"$(inherited)",
				);
				GCC_SYMBOLS_PRIVATE_EXTERN = NO;
				GCC_WARN_ABOUT_RETURN_TYPE = YES;
				GCC_WARN_UNINITIALIZED_AUTOS = YES;
				GCC_WARN_UNUSED_VARIABLE = YES;
				IPHONEOS_DEPLOYMENT_TARGET = 6.1;
				ONLY_ACTIVE_ARCH = YES;
				SDKROOT = iphoneos;
				TARGETED_DEVICE_FAMILY = "1,2";
			};
			name = Debug;
		};
		D0BB9AB4178BF41700E22CC9 /* Release */ = {
			isa = XCBuildConfiguration;
			buildSettings = {
				ALWAYS_SEARCH_USER_PATHS = NO;
				CLANG_CXX_LANGUAGE_STANDARD = "gnu++0x";
				CLANG_CXX_LIBRARY = "libc++";
				CLANG_WARN_CONSTANT_CONVERSION = YES;
				CLANG_WARN_EMPTY_BODY = YES;
				CLANG_WARN_ENUM_CONVERSION = YES;
				CLANG_WARN_INT_CONVERSION = YES;
				CLANG_WARN__DUPLICATE_METHOD_MATCH = YES;
				"CODE_SIGN_IDENTITY[sdk=iphoneos*]" = "iPhone Developer";
				COPY_PHASE_STRIP = YES;
				GCC_C_LANGUAGE_STANDARD = gnu99;
				GCC_WARN_ABOUT_RETURN_TYPE = YES;
				GCC_WARN_UNINITIALIZED_AUTOS = YES;
				GCC_WARN_UNUSED_VARIABLE = YES;
				IPHONEOS_DEPLOYMENT_TARGET = 6.1;
				OTHER_CFLAGS = "-DNS_BLOCK_ASSERTIONS=1";
				SDKROOT = iphoneos;
				TARGETED_DEVICE_FAMILY = "1,2";
				VALIDATE_PRODUCT = YES;
			};
			name = Release;
		};
		D0BB9AB6178BF41700E22CC9 /* Debug */ = {
			isa = XCBuildConfiguration;
			buildSettings = {
				GCC_PRECOMPILE_PREFIX_HEADER = YES;
				GCC_PREFIX_HEADER = "itnuesFile/itnuesFile-Prefix.pch";
				INFOPLIST_FILE = "itnuesFile/itnuesFile-Info.plist";
				PRODUCT_NAME = "$(TARGET_NAME)";
				WRAPPER_EXTENSION = app;
			};
			name = Debug;
		};
		D0BB9AB7178BF41700E22CC9 /* Release */ = {
			isa = XCBuildConfiguration;
			buildSettings = {
				GCC_PRECOMPILE_PREFIX_HEADER = YES;
				GCC_PREFIX_HEADER = "itnuesFile/itnuesFile-Prefix.pch";
				INFOPLIST_FILE = "itnuesFile/itnuesFile-Info.plist";
				PRODUCT_NAME = "$(TARGET_NAME)";
				WRAPPER_EXTENSION = app;
			};
			name = Release;
		};
/* End XCBuildConfiguration section */

/* Begin XCConfigurationList section */
		D0BB9A8A178BF41700E22CC9 /* Build configuration list for PBXProject "itnuesFile" */ = {
			isa = XCConfigurationList;
			buildConfigurations = (
				D0BB9AB3178BF41700E22CC9 /* Debug */,
				D0BB9AB4178BF41700E22CC9 /* Release */,
			);
			defaultConfigurationIsVisible = 0;
			defaultConfigurationName = Release;
		};
		D0BB9AB5178BF41700E22CC9 /* Build configuration list for PBXNativeTarget "itnuesFile" */ = {
			isa = XCConfigurationList;
			buildConfigurations = (
				D0BB9AB6178BF41700E22CC9 /* Debug */,
				D0BB9AB7178BF41700E22CC9 /* Release */,
			);
			defaultConfigurationIsVisible = 0;
		};
/* End XCConfigurationList section */
	};
	rootObject = D0BB9A87178BF41700E22CC9 /* Project object */;
}
